
Microsoft Visual Studio Solution File, Format Version 12.00
# Visual Studio Version 17
VisualStudioVersion = 17.1.32319.34
MinimumVisualStudioVersion = 10.0.40219.1
Project("{8BC9CEB8-8B4A-11D0-8D11-00A0C91BC942}") = "Zad01", "Zad01\Zad01.vcxproj", "{9FAEC049-74D3-4F87-A570-0B332C4B6A7E}"
EndProject
Project("{8BC9CEB8-8B4A-11D0-8D11-00A0C91BC942}") = "Zad02", "Zad02\Zad02.vcxproj", "{0020BB5B-13E8-4728-B409-B9CC1670B171}"
EndProject
Project("{8BC9CEB8-8B4A-11D0-8D11-00A0C91BC942}") = "Zad03", "Zad03\Zad03.vcxproj", "{4A206E08-8F41-4286-AC13-1D2E2C375F63}"
EndProject
Project("{8BC9CEB8-8B4A-11D0-8D11-00A0C91BC942}") = "Regex", "Regex\Regex.vcxproj", "{666FC871-4FA8-4EB0-8CCD-BE601C75CA20}"
EndProject
Project("{8BC9CEB8-8B4A-11D0-8D11-00A0C91BC942}") = "RegexPlateNumber", "RegexPlateNumber\RegexPlateNumber.vcxproj", "{738B59DF-ECBD-4F8F-9194-117E70A2CCE3}"
EndProject
Project("{8BC9CEB8-8B4A-11D0-8D11-00A0C91BC942}") = "LiczbyLosowe", "LiczbyLosowe\LiczbyLosowe.vcxproj", "{D65B8A51-4092-40B2-A7A5-2456A2153CD9}"
EndProject
Project("{8BC9CEB8-8B4A-11D0-8D11-00A0C91BC942}") = "LiczbyLosowe2", "LiczbyLosowe2\LiczbyLosowe2.vcxproj", "{28D79670-09C1-4FCD-9917-FC9DCBCAA1D0}"
EndProject
Project("{8BC9CEB8-8B4A-11D0-8D11-00A0C91BC942}") = "File", "File\File.vcxproj", "{5EFF165D-906D-4090-89DE-9AE707F63F76}"
EndProject
Project("{8BC9CEB8-8B4A-11D0-8D11-00A0C91BC942}") = "Zdania", "Zdania\Zdania.vcxproj", "{B341BCE0-7159-4BB2-B4AA-007E32C9CCF7}"
EndProject
Project("{8BC9CEB8-8B4A-11D0-8D11-00A0C91BC942}") = "SecretFile", "SecretFile\SecretFile.vcxproj", "{3A03A71A-CA5E-4196-8C5D-A742988E9B09}"
EndProject
Project("{8BC9CEB8-8B4A-11D0-8D11-00A0C91BC942}") = "ListaZakupow", "ListaZakupow\ListaZakupow.vcxproj", "{5C944AEF-1D25-4502-AA46-85DDE4932713}"
EndProject
Project("{8BC9CEB8-8B4A-11D0-8D11-00A0C91BC942}") = "Zad5", "Zad5\Zad5.vcxproj", "{406DA6DF-6356-467F-802E-1B9EE0A12BDB}"
EndProject
Project("{8BC9CEB8-8B4A-11D0-8D11-00A0C91BC942}") = "Zad6", "Zad6\Zad6.vcxproj", "{96C57393-AA3B-4E9F-A94C-BA68BAB07656}"
EndProject
Project("{8BC9CEB8-8B4A-11D0-8D11-00A0C91BC942}") = "Zad7", "Zad7\Zad7.vcxproj", "{FBF806DC-D07E-4D50-B91E-396D4318C3DB}"
EndProject
Project("{8BC9CEB8-8B4A-11D0-8D11-00A0C91BC942}") = "Zad8", "Zad8\Zad8.vcxproj", "{16A9A1E0-CB41-489B-A870-0E86C9136A9E}"
EndProject
Project("{8BC9CEB8-8B4A-11D0-8D11-00A0C91BC942}") = "Zad9", "Zad9\Zad9.vcxproj", "{A22A523C-38A7-4449-A575-23ED032692D1}"
EndProject
Project("{8BC9CEB8-8B4A-11D0-8D11-00A0C91BC942}") = "Zad10", "Zad10\Zad10.vcxproj", "{B5B418DB-A4E0-4E82-9712-1043800E2CC6}"
EndProject
Project("{8BC9CEB8-8B4A-11D0-8D11-00A0C91BC942}") = "Zad11", "Zad11\Zad11.vcxproj", "{A52D6AD2-FAAE-4B7D-BD73-42BC21225774}"
EndProject
Project("{8BC9CEB8-8B4A-11D0-8D11-00A0C91BC942}") = "Zad12", "Zad12\Zad12.vcxproj", "{C2B1CC31-0DEC-4FB0-9621-DB13C37213D3}"
EndProject
Project("{8BC9CEB8-8B4A-11D0-8D11-00A0C91BC942}") = "Zad13", "Zad13\Zad13.vcxproj", "{8ED0E6F9-9500-4C9F-A7B5-A93377C0D640}"
EndProject
Project("{8BC9CEB8-8B4A-11D0-8D11-00A0C91BC942}") = "Zad1", "Zad1\Zad1.vcxproj", "{8968AFDE-1859-4F17-BB53-0120A4477B94}"
EndProject
Project("{8BC9CEB8-8B4A-11D0-8D11-00A0C91BC942}") = "Zad2", "Zad2\Zad2.vcxproj", "{F0335F81-6DC4-4D72-9C77-A6AD2F45003B}"
EndProject
Project("{8BC9CEB8-8B4A-11D0-8D11-00A0C91BC942}") = "Zad3", "Zad3\Zad3.vcxproj", "{07DB80B6-69A9-422A-9359-7ED9463BBC38}"
EndProject
Project("{8BC9CEB8-8B4A-11D0-8D11-00A0C91BC942}") = "Zad4", "Zad4\Zad4.vcxproj", "{9CE562F1-0AC7-468E-A3E6-BC84DAD9AA06}"
EndProject
Project("{8BC9CEB8-8B4A-11D0-8D11-00A0C91BC942}") = "Customers", "Customers\Customers.vcxproj", "{02276B69-041B-443D-B05F-4EDA1DD3A598}"
EndProject
Project("{8BC9CEB8-8B4A-11D0-8D11-00A0C91BC942}") = "Filev2", "Filev2\Filev2.vcxproj", "{30095C2E-8940-433F-B306-19CA0C061025}"
EndProject
Global
	GlobalSection(SolutionConfigurationPlatforms) = preSolution
		Debug|x64 = Debug|x64
		Debug|x86 = Debug|x86
		Release|x64 = Release|x64
		Release|x86 = Release|x86
	EndGlobalSection
	GlobalSection(ProjectConfigurationPlatforms) = postSolution
		{9FAEC049-74D3-4F87-A570-0B332C4B6A7E}.Debug|x64.ActiveCfg = Debug|x64
		{9FAEC049-74D3-4F87-A570-0B332C4B6A7E}.Debug|x64.Build.0 = Debug|x64
		{9FAEC049-74D3-4F87-A570-0B332C4B6A7E}.Debug|x86.ActiveCfg = Debug|Win32
		{9FAEC049-74D3-4F87-A570-0B332C4B6A7E}.Debug|x86.Build.0 = Debug|Win32
		{9FAEC049-74D3-4F87-A570-0B332C4B6A7E}.Release|x64.ActiveCfg = Release|x64
		{9FAEC049-74D3-4F87-A570-0B332C4B6A7E}.Release|x64.Build.0 = Release|x64
		{9FAEC049-74D3-4F87-A570-0B332C4B6A7E}.Release|x86.ActiveCfg = Release|Win32
		{9FAEC049-74D3-4F87-A570-0B332C4B6A7E}.Release|x86.Build.0 = Release|Win32
		{0020BB5B-13E8-4728-B409-B9CC1670B171}.Debug|x64.ActiveCfg = Debug|x64
		{0020BB5B-13E8-4728-B409-B9CC1670B171}.Debug|x64.Build.0 = Debug|x64
		{0020BB5B-13E8-4728-B409-B9CC1670B171}.Debug|x86.ActiveCfg = Debug|Win32
		{0020BB5B-13E8-4728-B409-B9CC1670B171}.Debug|x86.Build.0 = Debug|Win32
		{0020BB5B-13E8-4728-B409-B9CC1670B171}.Release|x64.ActiveCfg = Release|x64
		{0020BB5B-13E8-4728-B409-B9CC1670B171}.Release|x64.Build.0 = Release|x64
		{0020BB5B-13E8-4728-B409-B9CC1670B171}.Release|x86.ActiveCfg = Release|Win32
		{0020BB5B-13E8-4728-B409-B9CC1670B171}.Release|x86.Build.0 = Release|Win32
		{4A206E08-8F41-4286-AC13-1D2E2C375F63}.Debug|x64.ActiveCfg = Debug|x64
		{4A206E08-8F41-4286-AC13-1D2E2C375F63}.Debug|x64.Build.0 = Debug|x64
		{4A206E08-8F41-4286-AC13-1D2E2C375F63}.Debug|x86.ActiveCfg = Debug|Win32
		{4A206E08-8F41-4286-AC13-1D2E2C375F63}.Debug|x86.Build.0 = Debug|Win32
		{4A206E08-8F41-4286-AC13-1D2E2C375F63}.Release|x64.ActiveCfg = Release|x64
		{4A206E08-8F41-4286-AC13-1D2E2C375F63}.Release|x64.Build.0 = Release|x64
		{4A206E08-8F41-4286-AC13-1D2E2C375F63}.Release|x86.ActiveCfg = Release|Win32
		{4A206E08-8F41-4286-AC13-1D2E2C375F63}.Release|x86.Build.0 = Release|Win32
		{666FC871-4FA8-4EB0-8CCD-BE601C75CA20}.Debug|x64.ActiveCfg = Debug|x64
		{666FC871-4FA8-4EB0-8CCD-BE601C75CA20}.Debug|x64.Build.0 = Debug|x64
		{666FC871-4FA8-4EB0-8CCD-BE601C75CA20}.Debug|x86.ActiveCfg = Debug|Win32
		{666FC871-4FA8-4EB0-8CCD-BE601C75CA20}.Debug|x86.Build.0 = Debug|Win32
		{666FC871-4FA8-4EB0-8CCD-BE601C75CA20}.Release|x64.ActiveCfg = Release|x64
		{666FC871-4FA8-4EB0-8CCD-BE601C75CA20}.Release|x64.Build.0 = Release|x64
		{666FC871-4FA8-4EB0-8CCD-BE601C75CA20}.Release|x86.ActiveCfg = Release|Win32
		{666FC871-4FA8-4EB0-8CCD-BE601C75CA20}.Release|x86.Build.0 = Release|Win32
		{738B59DF-ECBD-4F8F-9194-117E70A2CCE3}.Debug|x64.ActiveCfg = Debug|x64
		{738B59DF-ECBD-4F8F-9194-117E70A2CCE3}.Debug|x64.Build.0 = Debug|x64
		{738B59DF-ECBD-4F8F-9194-117E70A2CCE3}.Debug|x86.ActiveCfg = Debug|Win32
		{738B59DF-ECBD-4F8F-9194-117E70A2CCE3}.Debug|x86.Build.0 = Debug|Win32
		{738B59DF-ECBD-4F8F-9194-117E70A2CCE3}.Release|x64.ActiveCfg = Release|x64
		{738B59DF-ECBD-4F8F-9194-117E70A2CCE3}.Release|x64.Build.0 = Release|x64
		{738B59DF-ECBD-4F8F-9194-117E70A2CCE3}.Release|x86.ActiveCfg = Release|Win32
		{738B59DF-ECBD-4F8F-9194-117E70A2CCE3}.Release|x86.Build.0 = Release|Win32
		{D65B8A51-4092-40B2-A7A5-2456A2153CD9}.Debug|x64.ActiveCfg = Debug|x64
		{D65B8A51-4092-40B2-A7A5-2456A2153CD9}.Debug|x64.Build.0 = Debug|x64
		{D65B8A51-4092-40B2-A7A5-2456A2153CD9}.Debug|x86.ActiveCfg = Debug|Win32
		{D65B8A51-4092-40B2-A7A5-2456A2153CD9}.Debug|x86.Build.0 = Debug|Win32
		{D65B8A51-4092-40B2-A7A5-2456A2153CD9}.Release|x64.ActiveCfg = Release|x64
		{D65B8A51-4092-40B2-A7A5-2456A2153CD9}.Release|x64.Build.0 = Release|x64
		{D65B8A51-4092-40B2-A7A5-2456A2153CD9}.Release|x86.ActiveCfg = Release|Win32
		{D65B8A51-4092-40B2-A7A5-2456A2153CD9}.Release|x86.Build.0 = Release|Win32
		{28D79670-09C1-4FCD-9917-FC9DCBCAA1D0}.Debug|x64.ActiveCfg = Debug|x64
		{28D79670-09C1-4FCD-9917-FC9DCBCAA1D0}.Debug|x64.Build.0 = Debug|x64
		{28D79670-09C1-4FCD-9917-FC9DCBCAA1D0}.Debug|x86.ActiveCfg = Debug|Win32
		{28D79670-09C1-4FCD-9917-FC9DCBCAA1D0}.Debug|x86.Build.0 = Debug|Win32
		{28D79670-09C1-4FCD-9917-FC9DCBCAA1D0}.Release|x64.ActiveCfg = Release|x64
		{28D79670-09C1-4FCD-9917-FC9DCBCAA1D0}.Release|x64.Build.0 = Release|x64
		{28D79670-09C1-4FCD-9917-FC9DCBCAA1D0}.Release|x86.ActiveCfg = Release|Win32
		{28D79670-09C1-4FCD-9917-FC9DCBCAA1D0}.Release|x86.Build.0 = Release|Win32
		{5EFF165D-906D-4090-89DE-9AE707F63F76}.Debug|x64.ActiveCfg = Debug|x64
		{5EFF165D-906D-4090-89DE-9AE707F63F76}.Debug|x64.Build.0 = Debug|x64
		{5EFF165D-906D-4090-89DE-9AE707F63F76}.Debug|x86.ActiveCfg = Debug|Win32
		{5EFF165D-906D-4090-89DE-9AE707F63F76}.Debug|x86.Build.0 = Debug|Win32
		{5EFF165D-906D-4090-89DE-9AE707F63F76}.Release|x64.ActiveCfg = Release|x64
		{5EFF165D-906D-4090-89DE-9AE707F63F76}.Release|x64.Build.0 = Release|x64
		{5EFF165D-906D-4090-89DE-9AE707F63F76}.Release|x86.ActiveCfg = Release|Win32
		{5EFF165D-906D-4090-89DE-9AE707F63F76}.Release|x86.Build.0 = Release|Win32
		{B341BCE0-7159-4BB2-B4AA-007E32C9CCF7}.Debug|x64.ActiveCfg = Debug|x64
		{B341BCE0-7159-4BB2-B4AA-007E32C9CCF7}.Debug|x64.Build.0 = Debug|x64
		{B341BCE0-7159-4BB2-B4AA-007E32C9CCF7}.Debug|x86.ActiveCfg = Debug|Win32
		{B341BCE0-7159-4BB2-B4AA-007E32C9CCF7}.Debug|x86.Build.0 = Debug|Win32
		{B341BCE0-7159-4BB2-B4AA-007E32C9CCF7}.Release|x64.ActiveCfg = Release|x64
		{B341BCE0-7159-4BB2-B4AA-007E32C9CCF7}.Release|x64.Build.0 = Release|x64
		{B341BCE0-7159-4BB2-B4AA-007E32C9CCF7}.Release|x86.ActiveCfg = Release|Win32
		{B341BCE0-7159-4BB2-B4AA-007E32C9CCF7}.Release|x86.Build.0 = Release|Win32
		{3A03A71A-CA5E-4196-8C5D-A742988E9B09}.Debug|x64.ActiveCfg = Debug|x64
		{3A03A71A-CA5E-4196-8C5D-A742988E9B09}.Debug|x64.Build.0 = Debug|x64
		{3A03A71A-CA5E-4196-8C5D-A742988E9B09}.Debug|x86.ActiveCfg = Debug|Win32
		{3A03A71A-CA5E-4196-8C5D-A742988E9B09}.Debug|x86.Build.0 = Debug|Win32
		{3A03A71A-CA5E-4196-8C5D-A742988E9B09}.Release|x64.ActiveCfg = Release|x64
		{3A03A71A-CA5E-4196-8C5D-A742988E9B09}.Release|x64.Build.0 = Release|x64
		{3A03A71A-CA5E-4196-8C5D-A742988E9B09}.Release|x86.ActiveCfg = Release|Win32
		{3A03A71A-CA5E-4196-8C5D-A742988E9B09}.Release|x86.Build.0 = Release|Win32
		{5C944AEF-1D25-4502-AA46-85DDE4932713}.Debug|x64.ActiveCfg = Debug|x64
		{5C944AEF-1D25-4502-AA46-85DDE4932713}.Debug|x64.Build.0 = Debug|x64
		{5C944AEF-1D25-4502-AA46-85DDE4932713}.Debug|x86.ActiveCfg = Debug|Win32
		{5C944AEF-1D25-4502-AA46-85DDE4932713}.Debug|x86.Build.0 = Debug|Win32
		{5C944AEF-1D25-4502-AA46-85DDE4932713}.Release|x64.ActiveCfg = Release|x64
		{5C944AEF-1D25-4502-AA46-85DDE4932713}.Release|x64.Build.0 = Release|x64
		{5C944AEF-1D25-4502-AA46-85DDE4932713}.Release|x86.ActiveCfg = Release|Win32
		{5C944AEF-1D25-4502-AA46-85DDE4932713}.Release|x86.Build.0 = Release|Win32
		{406DA6DF-6356-467F-802E-1B9EE0A12BDB}.Debug|x64.ActiveCfg = Debug|x64
		{406DA6DF-6356-467F-802E-1B9EE0A12BDB}.Debug|x64.Build.0 = Debug|x64
		{406DA6DF-6356-467F-802E-1B9EE0A12BDB}.Debug|x86.ActiveCfg = Debug|Win32
		{406DA6DF-6356-467F-802E-1B9EE0A12BDB}.Debug|x86.Build.0 = Debug|Win32
		{406DA6DF-6356-467F-802E-1B9EE0A12BDB}.Release|x64.ActiveCfg = Release|x64
		{406DA6DF-6356-467F-802E-1B9EE0A12BDB}.Release|x64.Build.0 = Release|x64
		{406DA6DF-6356-467F-802E-1B9EE0A12BDB}.Release|x86.ActiveCfg = Release|Win32
		{406DA6DF-6356-467F-802E-1B9EE0A12BDB}.Release|x86.Build.0 = Release|Win32
		{96C57393-AA3B-4E9F-A94C-BA68BAB07656}.Debug|x64.ActiveCfg = Debug|x64
		{96C57393-AA3B-4E9F-A94C-BA68BAB07656}.Debug|x64.Build.0 = Debug|x64
		{96C57393-AA3B-4E9F-A94C-BA68BAB07656}.Debug|x86.ActiveCfg = Debug|Win32
		{96C57393-AA3B-4E9F-A94C-BA68BAB07656}.Debug|x86.Build.0 = Debug|Win32
		{96C57393-AA3B-4E9F-A94C-BA68BAB07656}.Release|x64.ActiveCfg = Release|x64
		{96C57393-AA3B-4E9F-A94C-BA68BAB07656}.Release|x64.Build.0 = Release|x64
		{96C57393-AA3B-4E9F-A94C-BA68BAB07656}.Release|x86.ActiveCfg = Release|Win32
		{96C57393-AA3B-4E9F-A94C-BA68BAB07656}.Release|x86.Build.0 = Release|Win32
		{FBF806DC-D07E-4D50-B91E-396D4318C3DB}.Debug|x64.ActiveCfg = Debug|x64
		{FBF806DC-D07E-4D50-B91E-396D4318C3DB}.Debug|x64.Build.0 = Debug|x64
		{FBF806DC-D07E-4D50-B91E-396D4318C3DB}.Debug|x86.ActiveCfg = Debug|Win32
		{FBF806DC-D07E-4D50-B91E-396D4318C3DB}.Debug|x86.Build.0 = Debug|Win32
		{FBF806DC-D07E-4D50-B91E-396D4318C3DB}.Release|x64.ActiveCfg = Release|x64
		{FBF806DC-D07E-4D50-B91E-396D4318C3DB}.Release|x64.Build.0 = Release|x64
		{FBF806DC-D07E-4D50-B91E-396D4318C3DB}.Release|x86.ActiveCfg = Release|Win32
		{FBF806DC-D07E-4D50-B91E-396D4318C3DB}.Release|x86.Build.0 = Release|Win32
		{16A9A1E0-CB41-489B-A870-0E86C9136A9E}.Debug|x64.ActiveCfg = Debug|x64
		{16A9A1E0-CB41-489B-A870-0E86C9136A9E}.Debug|x64.Build.0 = Debug|x64
		{16A9A1E0-CB41-489B-A870-0E86C9136A9E}.Debug|x86.ActiveCfg = Debug|Win32
		{16A9A1E0-CB41-489B-A870-0E86C9136A9E}.Debug|x86.Build.0 = Debug|Win32
		{16A9A1E0-CB41-489B-A870-0E86C9136A9E}.Release|x64.ActiveCfg = Release|x64
		{16A9A1E0-CB41-489B-A870-0E86C9136A9E}.Release|x64.Build.0 = Release|x64
		{16A9A1E0-CB41-489B-A870-0E86C9136A9E}.Release|x86.ActiveCfg = Release|Win32
		{16A9A1E0-CB41-489B-A870-0E86C9136A9E}.Release|x86.Build.0 = Release|Win32
		{A22A523C-38A7-4449-A575-23ED032692D1}.Debug|x64.ActiveCfg = Debug|x64
		{A22A523C-38A7-4449-A575-23ED032692D1}.Debug|x64.Build.0 = Debug|x64
		{A22A523C-38A7-4449-A575-23ED032692D1}.Debug|x86.ActiveCfg = Debug|Win32
		{A22A523C-38A7-4449-A575-23ED032692D1}.Debug|x86.Build.0 = Debug|Win32
		{A22A523C-38A7-4449-A575-23ED032692D1}.Release|x64.ActiveCfg = Release|x64
		{A22A523C-38A7-4449-A575-23ED032692D1}.Release|x64.Build.0 = Release|x64
		{A22A523C-38A7-4449-A575-23ED032692D1}.Release|x86.ActiveCfg = Release|Win32
		{A22A523C-38A7-4449-A575-23ED032692D1}.Release|x86.Build.0 = Release|Win32
		{B5B418DB-A4E0-4E82-9712-1043800E2CC6}.Debug|x64.ActiveCfg = Debug|x64
		{B5B418DB-A4E0-4E82-9712-1043800E2CC6}.Debug|x64.Build.0 = Debug|x64
		{B5B418DB-A4E0-4E82-9712-1043800E2CC6}.Debug|x86.ActiveCfg = Debug|Win32
		{B5B418DB-A4E0-4E82-9712-1043800E2CC6}.Debug|x86.Build.0 = Debug|Win32
		{B5B418DB-A4E0-4E82-9712-1043800E2CC6}.Release|x64.ActiveCfg = Release|x64
		{B5B418DB-A4E0-4E82-9712-1043800E2CC6}.Release|x64.Build.0 = Release|x64
		{B5B418DB-A4E0-4E82-9712-1043800E2CC6}.Release|x86.ActiveCfg = Release|Win32
		{B5B418DB-A4E0-4E82-9712-1043800E2CC6}.Release|x86.Build.0 = Release|Win32
		{A52D6AD2-FAAE-4B7D-BD73-42BC21225774}.Debug|x64.ActiveCfg = Debug|x64
		{A52D6AD2-FAAE-4B7D-BD73-42BC21225774}.Debug|x64.Build.0 = Debug|x64
		{A52D6AD2-FAAE-4B7D-BD73-42BC21225774}.Debug|x86.ActiveCfg = Debug|Win32
		{A52D6AD2-FAAE-4B7D-BD73-42BC21225774}.Debug|x86.Build.0 = Debug|Win32
		{A52D6AD2-FAAE-4B7D-BD73-42BC21225774}.Release|x64.ActiveCfg = Release|x64
		{A52D6AD2-FAAE-4B7D-BD73-42BC21225774}.Release|x64.Build.0 = Release|x64
		{A52D6AD2-FAAE-4B7D-BD73-42BC21225774}.Release|x86.ActiveCfg = Release|Win32
		{A52D6AD2-FAAE-4B7D-BD73-42BC21225774}.Release|x86.Build.0 = Release|Win32
		{C2B1CC31-0DEC-4FB0-9621-DB13C37213D3}.Debug|x64.ActiveCfg = Debug|x64
		{C2B1CC31-0DEC-4FB0-9621-DB13C37213D3}.Debug|x64.Build.0 = Debug|x64
		{C2B1CC31-0DEC-4FB0-9621-DB13C37213D3}.Debug|x86.ActiveCfg = Debug|Win32
		{C2B1CC31-0DEC-4FB0-9621-DB13C37213D3}.Debug|x86.Build.0 = Debug|Win32
		{C2B1CC31-0DEC-4FB0-9621-DB13C37213D3}.Release|x64.ActiveCfg = Release|x64
		{C2B1CC31-0DEC-4FB0-9621-DB13C37213D3}.Release|x64.Build.0 = Release|x64
		{C2B1CC31-0DEC-4FB0-9621-DB13C37213D3}.Release|x86.ActiveCfg = Release|Win32
		{C2B1CC31-0DEC-4FB0-9621-DB13C37213D3}.Release|x86.Build.0 = Release|Win32
		{8ED0E6F9-9500-4C9F-A7B5-A93377C0D640}.Debug|x64.ActiveCfg = Debug|x64
		{8ED0E6F9-9500-4C9F-A7B5-A93377C0D640}.Debug|x64.Build.0 = Debug|x64
		{8ED0E6F9-9500-4C9F-A7B5-A93377C0D640}.Debug|x86.ActiveCfg = Debug|Win32
		{8ED0E6F9-9500-4C9F-A7B5-A93377C0D640}.Debug|x86.Build.0 = Debug|Win32
		{8ED0E6F9-9500-4C9F-A7B5-A93377C0D640}.Release|x64.ActiveCfg = Release|x64
		{8ED0E6F9-9500-4C9F-A7B5-A93377C0D640}.Release|x64.Build.0 = Release|x64
		{8ED0E6F9-9500-4C9F-A7B5-A93377C0D640}.Release|x86.ActiveCfg = Release|Win32
		{8ED0E6F9-9500-4C9F-A7B5-A93377C0D640}.Release|x86.Build.0 = Release|Win32
		{8968AFDE-1859-4F17-BB53-0120A4477B94}.Debug|x64.ActiveCfg = Debug|x64
		{8968AFDE-1859-4F17-BB53-0120A4477B94}.Debug|x64.Build.0 = Debug|x64
		{8968AFDE-1859-4F17-BB53-0120A4477B94}.Debug|x86.ActiveCfg = Debug|Win32
		{8968AFDE-1859-4F17-BB53-0120A4477B94}.Debug|x86.Build.0 = Debug|Win32
		{8968AFDE-1859-4F17-BB53-0120A4477B94}.Release|x64.ActiveCfg = Release|x64
		{8968AFDE-1859-4F17-BB53-0120A4477B94}.Release|x64.Build.0 = Release|x64
		{8968AFDE-1859-4F17-BB53-0120A4477B94}.Release|x86.ActiveCfg = Release|Win32
		{8968AFDE-1859-4F17-BB53-0120A4477B94}.Release|x86.Build.0 = Release|Win32
		{F0335F81-6DC4-4D72-9C77-A6AD2F45003B}.Debug|x64.ActiveCfg = Debug|x64
		{F0335F81-6DC4-4D72-9C77-A6AD2F45003B}.Debug|x64.Build.0 = Debug|x64
		{F0335F81-6DC4-4D72-9C77-A6AD2F45003B}.Debug|x86.ActiveCfg = Debug|Win32
		{F0335F81-6DC4-4D72-9C77-A6AD2F45003B}.Debug|x86.Build.0 = Debug|Win32
		{F0335F81-6DC4-4D72-9C77-A6AD2F45003B}.Release|x64.ActiveCfg = Release|x64
		{F0335F81-6DC4-4D72-9C77-A6AD2F45003B}.Release|x64.Build.0 = Release|x64
		{F0335F81-6DC4-4D72-9C77-A6AD2F45003B}.Release|x86.ActiveCfg = Release|Win32
		{F0335F81-6DC4-4D72-9C77-A6AD2F45003B}.Release|x86.Build.0 = Release|Win32
		{07DB80B6-69A9-422A-9359-7ED9463BBC38}.Debug|x64.ActiveCfg = Debug|x64
		{07DB80B6-69A9-422A-9359-7ED9463BBC38}.Debug|x64.Build.0 = Debug|x64
		{07DB80B6-69A9-422A-9359-7ED9463BBC38}.Debug|x86.ActiveCfg = Debug|Win32
		{07DB80B6-69A9-422A-9359-7ED9463BBC38}.Debug|x86.Build.0 = Debug|Win32
		{07DB80B6-69A9-422A-9359-7ED9463BBC38}.Release|x64.ActiveCfg = Release|x64
		{07DB80B6-69A9-422A-9359-7ED9463BBC38}.Release|x64.Build.0 = Release|x64
		{07DB80B6-69A9-422A-9359-7ED9463BBC38}.Release|x86.ActiveCfg = Release|Win32
		{07DB80B6-69A9-422A-9359-7ED9463BBC38}.Release|x86.Build.0 = Release|Win32
		{9CE562F1-0AC7-468E-A3E6-BC84DAD9AA06}.Debug|x64.ActiveCfg = Debug|x64
		{9CE562F1-0AC7-468E-A3E6-BC84DAD9AA06}.Debug|x64.Build.0 = Debug|x64
		{9CE562F1-0AC7-468E-A3E6-BC84DAD9AA06}.Debug|x86.ActiveCfg = Debug|Win32
		{9CE562F1-0AC7-468E-A3E6-BC84DAD9AA06}.Debug|x86.Build.0 = Debug|Win32
		{9CE562F1-0AC7-468E-A3E6-BC84DAD9AA06}.Release|x64.ActiveCfg = Release|x64
		{9CE562F1-0AC7-468E-A3E6-BC84DAD9AA06}.Release|x64.Build.0 = Release|x64
		{9CE562F1-0AC7-468E-A3E6-BC84DAD9AA06}.Release|x86.ActiveCfg = Release|Win32
		{9CE562F1-0AC7-468E-A3E6-BC84DAD9AA06}.Release|x86.Build.0 = Release|Win32
		{02276B69-041B-443D-B05F-4EDA1DD3A598}.Debug|x64.ActiveCfg = Debug|x64
		{02276B69-041B-443D-B05F-4EDA1DD3A598}.Debug|x64.Build.0 = Debug|x64
		{02276B69-041B-443D-B05F-4EDA1DD3A598}.Debug|x86.ActiveCfg = Debug|Win32
		{02276B69-041B-443D-B05F-4EDA1DD3A598}.Debug|x86.Build.0 = Debug|Win32
		{02276B69-041B-443D-B05F-4EDA1DD3A598}.Release|x64.ActiveCfg = Release|x64
		{02276B69-041B-443D-B05F-4EDA1DD3A598}.Release|x64.Build.0 = Release|x64
		{02276B69-041B-443D-B05F-4EDA1DD3A598}.Release|x86.ActiveCfg = Release|Win32
		{02276B69-041B-443D-B05F-4EDA1DD3A598}.Release|x86.Build.0 = Release|Win32
		{30095C2E-8940-433F-B306-19CA0C061025}.Debug|x64.ActiveCfg = Debug|x64
		{30095C2E-8940-433F-B306-19CA0C061025}.Debug|x64.Build.0 = Debug|x64
		{30095C2E-8940-433F-B306-19CA0C061025}.Debug|x86.ActiveCfg = Debug|Win32
		{30095C2E-8940-433F-B306-19CA0C061025}.Debug|x86.Build.0 = Debug|Win32
		{30095C2E-8940-433F-B306-19CA0C061025}.Release|x64.ActiveCfg = Release|x64
		{30095C2E-8940-433F-B306-19CA0C061025}.Release|x64.Build.0 = Release|x64
		{30095C2E-8940-433F-B306-19CA0C061025}.Release|x86.ActiveCfg = Release|Win32
		{30095C2E-8940-433F-B306-19CA0C061025}.Release|x86.Build.0 = Release|Win32
	EndGlobalSection
	GlobalSection(SolutionProperties) = preSolution
		HideSolutionNode = FALSE
	EndGlobalSection
	GlobalSection(ExtensibilityGlobals) = postSolution
		SolutionGuid = {5731F1AB-2E45-42E8-BB4B-30500803834C}
	EndGlobalSection
EndGlobal
