
Microsoft Visual Studio Solution File, Format Version 12.00
# Visual Studio Version 17
VisualStudioVersion = 17.1.32319.34
MinimumVisualStudioVersion = 10.0.40219.1
Project("{8BC9CEB8-8B4A-11D0-8D11-00A0C91BC942}") = "Zad01", "Zad01\Zad01.vcxproj", "{9FAEC049-74D3-4F87-A570-0B332C4B6A7E}"
EndProject
Project("{8BC9CEB8-8B4A-11D0-8D11-00A0C91BC942}") = "Zad02", "Zad02\Zad02.vcxproj", "{0020BB5B-13E8-4728-B409-B9CC1670B171}"
EndProject
Project("{8BC9CEB8-8B4A-11D0-8D11-00A0C91BC942}") = "Zad03", "Zad03\Zad03.vcxproj", "{4A206E08-8F41-4286-AC13-1D2E2C375F63}"
EndProject
Project("{8BC9CEB8-8B4A-11D0-8D11-00A0C91BC942}") = "Regex", "Regex\Regex.vcxproj", "{666FC871-4FA8-4EB0-8CCD-BE601C75CA20}"
EndProject
Project("{8BC9CEB8-8B4A-11D0-8D11-00A0C91BC942}") = "RegexPlateNumber", "RegexPlateNumber\RegexPlateNumber.vcxproj", "{738B59DF-ECBD-4F8F-9194-117E70A2CCE3}"
EndProject
Project("{8BC9CEB8-8B4A-11D0-8D11-00A0C91BC942}") = "LiczbyLosowe", "LiczbyLosowe\LiczbyLosowe.vcxproj", "{D65B8A51-4092-40B2-A7A5-2456A2153CD9}"
EndProject
Project("{8BC9CEB8-8B4A-11D0-8D11-00A0C91BC942}") = "LiczbyLosowe2", "LiczbyLosowe2\LiczbyLosowe2.vcxproj", "{28D79670-09C1-4FCD-9917-FC9DCBCAA1D0}"
EndProject
Global
	GlobalSection(SolutionConfigurationPlatforms) = preSolution
		Debug|x64 = Debug|x64
		Debug|x86 = Debug|x86
		Release|x64 = Release|x64
		Release|x86 = Release|x86
	EndGlobalSection
	GlobalSection(ProjectConfigurationPlatforms) = postSolution
		{9FAEC049-74D3-4F87-A570-0B332C4B6A7E}.Debug|x64.ActiveCfg = Debug|x64
		{9FAEC049-74D3-4F87-A570-0B332C4B6A7E}.Debug|x64.Build.0 = Debug|x64
		{9FAEC049-74D3-4F87-A570-0B332C4B6A7E}.Debug|x86.ActiveCfg = Debug|Win32
		{9FAEC049-74D3-4F87-A570-0B332C4B6A7E}.Debug|x86.Build.0 = Debug|Win32
		{9FAEC049-74D3-4F87-A570-0B332C4B6A7E}.Release|x64.ActiveCfg = Release|x64
		{9FAEC049-74D3-4F87-A570-0B332C4B6A7E}.Release|x64.Build.0 = Release|x64
		{9FAEC049-74D3-4F87-A570-0B332C4B6A7E}.Release|x86.ActiveCfg = Release|Win32
		{9FAEC049-74D3-4F87-A570-0B332C4B6A7E}.Release|x86.Build.0 = Release|Win32
		{0020BB5B-13E8-4728-B409-B9CC1670B171}.Debug|x64.ActiveCfg = Debug|x64
		{0020BB5B-13E8-4728-B409-B9CC1670B171}.Debug|x64.Build.0 = Debug|x64
		{0020BB5B-13E8-4728-B409-B9CC1670B171}.Debug|x86.ActiveCfg = Debug|Win32
		{0020BB5B-13E8-4728-B409-B9CC1670B171}.Debug|x86.Build.0 = Debug|Win32
		{0020BB5B-13E8-4728-B409-B9CC1670B171}.Release|x64.ActiveCfg = Release|x64
		{0020BB5B-13E8-4728-B409-B9CC1670B171}.Release|x64.Build.0 = Release|x64
		{0020BB5B-13E8-4728-B409-B9CC1670B171}.Release|x86.ActiveCfg = Release|Win32
		{0020BB5B-13E8-4728-B409-B9CC1670B171}.Release|x86.Build.0 = Release|Win32
		{4A206E08-8F41-4286-AC13-1D2E2C375F63}.Debug|x64.ActiveCfg = Debug|x64
		{4A206E08-8F41-4286-AC13-1D2E2C375F63}.Debug|x64.Build.0 = Debug|x64
		{4A206E08-8F41-4286-AC13-1D2E2C375F63}.Debug|x86.ActiveCfg = Debug|Win32
		{4A206E08-8F41-4286-AC13-1D2E2C375F63}.Debug|x86.Build.0 = Debug|Win32
		{4A206E08-8F41-4286-AC13-1D2E2C375F63}.Release|x64.ActiveCfg = Release|x64
		{4A206E08-8F41-4286-AC13-1D2E2C375F63}.Release|x64.Build.0 = Release|x64
		{4A206E08-8F41-4286-AC13-1D2E2C375F63}.Release|x86.ActiveCfg = Release|Win32
		{4A206E08-8F41-4286-AC13-1D2E2C375F63}.Release|x86.Build.0 = Release|Win32
		{666FC871-4FA8-4EB0-8CCD-BE601C75CA20}.Debug|x64.ActiveCfg = Debug|x64
		{666FC871-4FA8-4EB0-8CCD-BE601C75CA20}.Debug|x64.Build.0 = Debug|x64
		{666FC871-4FA8-4EB0-8CCD-BE601C75CA20}.Debug|x86.ActiveCfg = Debug|Win32
		{666FC871-4FA8-4EB0-8CCD-BE601C75CA20}.Debug|x86.Build.0 = Debug|Win32
		{666FC871-4FA8-4EB0-8CCD-BE601C75CA20}.Release|x64.ActiveCfg = Release|x64
		{666FC871-4FA8-4EB0-8CCD-BE601C75CA20}.Release|x64.Build.0 = Release|x64
		{666FC871-4FA8-4EB0-8CCD-BE601C75CA20}.Release|x86.ActiveCfg = Release|Win32
		{666FC871-4FA8-4EB0-8CCD-BE601C75CA20}.Release|x86.Build.0 = Release|Win32
		{738B59DF-ECBD-4F8F-9194-117E70A2CCE3}.Debug|x64.ActiveCfg = Debug|x64
		{738B59DF-ECBD-4F8F-9194-117E70A2CCE3}.Debug|x64.Build.0 = Debug|x64
		{738B59DF-ECBD-4F8F-9194-117E70A2CCE3}.Debug|x86.ActiveCfg = Debug|Win32
		{738B59DF-ECBD-4F8F-9194-117E70A2CCE3}.Debug|x86.Build.0 = Debug|Win32
		{738B59DF-ECBD-4F8F-9194-117E70A2CCE3}.Release|x64.ActiveCfg = Release|x64
		{738B59DF-ECBD-4F8F-9194-117E70A2CCE3}.Release|x64.Build.0 = Release|x64
		{738B59DF-ECBD-4F8F-9194-117E70A2CCE3}.Release|x86.ActiveCfg = Release|Win32
		{738B59DF-ECBD-4F8F-9194-117E70A2CCE3}.Release|x86.Build.0 = Release|Win32
		{D65B8A51-4092-40B2-A7A5-2456A2153CD9}.Debug|x64.ActiveCfg = Debug|x64
		{D65B8A51-4092-40B2-A7A5-2456A2153CD9}.Debug|x64.Build.0 = Debug|x64
		{D65B8A51-4092-40B2-A7A5-2456A2153CD9}.Debug|x86.ActiveCfg = Debug|Win32
		{D65B8A51-4092-40B2-A7A5-2456A2153CD9}.Debug|x86.Build.0 = Debug|Win32
		{D65B8A51-4092-40B2-A7A5-2456A2153CD9}.Release|x64.ActiveCfg = Release|x64
		{D65B8A51-4092-40B2-A7A5-2456A2153CD9}.Release|x64.Build.0 = Release|x64
		{D65B8A51-4092-40B2-A7A5-2456A2153CD9}.Release|x86.ActiveCfg = Release|Win32
		{D65B8A51-4092-40B2-A7A5-2456A2153CD9}.Release|x86.Build.0 = Release|Win32
		{28D79670-09C1-4FCD-9917-FC9DCBCAA1D0}.Debug|x64.ActiveCfg = Debug|x64
		{28D79670-09C1-4FCD-9917-FC9DCBCAA1D0}.Debug|x64.Build.0 = Debug|x64
		{28D79670-09C1-4FCD-9917-FC9DCBCAA1D0}.Debug|x86.ActiveCfg = Debug|Win32
		{28D79670-09C1-4FCD-9917-FC9DCBCAA1D0}.Debug|x86.Build.0 = Debug|Win32
		{28D79670-09C1-4FCD-9917-FC9DCBCAA1D0}.Release|x64.ActiveCfg = Release|x64
		{28D79670-09C1-4FCD-9917-FC9DCBCAA1D0}.Release|x64.Build.0 = Release|x64
		{28D79670-09C1-4FCD-9917-FC9DCBCAA1D0}.Release|x86.ActiveCfg = Release|Win32
		{28D79670-09C1-4FCD-9917-FC9DCBCAA1D0}.Release|x86.Build.0 = Release|Win32
	EndGlobalSection
	GlobalSection(SolutionProperties) = preSolution
		HideSolutionNode = FALSE
	EndGlobalSection
	GlobalSection(ExtensibilityGlobals) = postSolution
		SolutionGuid = {5731F1AB-2E45-42E8-BB4B-30500803834C}
	EndGlobalSection
EndGlobal
